
Microsoft Visual Studio Solution File, Format Version 12.00
# Visual Studio Version 16
VisualStudioVersion = 16.0.31005.135
MinimumVisualStudioVersion = 10.0.40219.1
Project("{FAE04EC0-301F-11D3-BF4B-00C04F79EFBC}") = "Sales-System", "Sales-System\Sales-System.csproj", "{68A7BECE-5C7E-47F8-8577-A75AE6C81467}"
EndProject
Global
	GlobalSection(SolutionConfigurationPlatforms) = preSolution
		Debug|Any CPU = Debug|Any CPU
		Release|Any CPU = Release|Any CPU
	EndGlobalSection
	GlobalSection(ProjectConfigurationPlatforms) = postSolution
		{68A7BECE-5C7E-47F8-8577-A75AE6C81467}.Debug|Any CPU.ActiveCfg = Debug|Any CPU
		{68A7BECE-5C7E-47F8-8577-A75AE6C81467}.Debug|Any CPU.Build.0 = Debug|Any CPU
		{68A7BECE-5C7E-47F8-8577-A75AE6C81467}.Release|Any CPU.ActiveCfg = Release|Any CPU
		{68A7BECE-5C7E-47F8-8577-A75AE6C81467}.Release|Any CPU.Build.0 = Release|Any CPU
	EndGlobalSection
	GlobalSection(SolutionProperties) = preSolution
		HideSolutionNode = FALSE
	EndGlobalSection
	GlobalSection(ExtensibilityGlobals) = postSolution
		SolutionGuid = {FD74B786-AB38-47EB-A255-06CC66595134}
	EndGlobalSection
EndGlobal
